{
  "version": 4,
  "terraform_version": "0.12.0",
  "serial": 247,
  "lineage": "d92ebb11-dd53-58e1-7101-44b4525e4dde",
  "outputs": {},
  "resources": [
    {
      "module": "module.instances-monitored",
      "mode": "data",
      "type": "template_file",
      "name": "init",
      "provider": "provider.template",
      "instances": [
        {
          "schema_version": 0,
          "attributes": {
            "filename": null,
            "id": "6482b41d58acf0279d6f11dcda59c148682c0a7387ea16f99c5a559ee0dd8b48",
            "rendered": "#!/bin/bash\n\nuseradd -m -s /bin/bash prometheus\n# (or adduser --disabled-password --gecos \"\" prometheus)\n\n# Download node_exporter release from original repo\ncurl -L -O  https://github.com/prometheus/node_exporter/releases/download/v0.17.0/node_exporter-0.17.0.linux-amd64.tar.gz\n\ntar -xzvf node_exporter-0.17.0.linux-amd64.tar.gz\nmv node_exporter-0.17.0.linux-amd64 /home/prometheus/node_exporter\nrm node_exporter-0.17.0.linux-amd64.tar.gz\nchown -R prometheus:prometheus /home/prometheus/node_exporter\n\n# Add node_exporter as systemd service\ntee -a /etc/systemd/system/node_exporter.service \u003c\u003c END\n[Unit]\nDescription=Node Exporter\nWants=network-online.target\nAfter=network-online.target\n[Service]\nUser=prometheus\nExecStart=/home/prometheus/node_exporter/node_exporter\n[Install]\nWantedBy=default.target\nEND\n\nsystemctl daemon-reload\nsystemctl start node_exporter\nsystemctl enable node_exporter\n",
            "template": "#!/bin/bash\n\nuseradd -m -s /bin/bash prometheus\n# (or adduser --disabled-password --gecos \"\" prometheus)\n\n# Download node_exporter release from original repo\ncurl -L -O  https://github.com/prometheus/node_exporter/releases/download/v0.17.0/node_exporter-0.17.0.linux-amd64.tar.gz\n\ntar -xzvf node_exporter-0.17.0.linux-amd64.tar.gz\nmv node_exporter-0.17.0.linux-amd64 /home/prometheus/node_exporter\nrm node_exporter-0.17.0.linux-amd64.tar.gz\nchown -R prometheus:prometheus /home/prometheus/node_exporter\n\n# Add node_exporter as systemd service\ntee -a /etc/systemd/system/node_exporter.service \u003c\u003c END\n[Unit]\nDescription=Node Exporter\nWants=network-online.target\nAfter=network-online.target\n[Service]\nUser=prometheus\nExecStart=/home/prometheus/node_exporter/node_exporter\n[Install]\nWantedBy=default.target\nEND\n\nsystemctl daemon-reload\nsystemctl start node_exporter\nsystemctl enable node_exporter\n",
            "vars": null
          }
        }
      ]
    },
    {
      "module": "module.instance-monitor",
      "mode": "data",
      "type": "template_file",
      "name": "init",
      "provider": "provider.template",
      "instances": [
        {
          "schema_version": 0,
          "attributes": {
            "filename": null,
            "id": "c5ecde89701e071e8e49e239d68ac938c4c3944a656bd5037ae8a86d05d25990",
            "rendered": "#!/bin/bash\n\nuseradd -M -r -s /bin/false prometheus\nmkdir /etc/prometheus /var/lib/prometheus\n\nwget https://github.com/prometheus/prometheus/releases/download/v2.14.0/prometheus-2.14.0.linux-amd64.tar.gz\ntar xzf prometheus-2.14.0.linux-amd64.tar.gz\ncp prometheus-2.14.0.linux-amd64/{prometheus,promtool} /usr/local/bin/\nchown prometheus:prometheus /usr/local/bin/{prometheus,promtool}\ncp -r prometheus-2.14.0.linux-amd64/{consoles,console_libraries} /etc/prometheus/\n\n\necho \"\nglobal:\n  scrape_interval: 1s\n  evaluation_interval: 1s\n\nscrape_configs:\n  - job_name: 'node'\n    ec2_sd_configs:\n      - region: 'us-east-1'       \n        profile: arn:aws:iam::283049541375:role/Monitor-ec2-prometheus-role-dev\n        port: 9100\n    relabel_configs:\n        # Only monitor instances with a Name starting with 'Monitor'\n      - source_labels: [__meta_ec2_tag_Name]\n        regex: Monitor.*\n        action: keep\n        # Use the instance ID as the instance label\n      - source_labels: [__meta_ec2_tag_Name,__meta_ec2_availability_zone]\n        target_label: instance\" \u003e /etc/prometheus/prometheus.yml\n\nchown -R prometheus:prometheus /etc/prometheus\nchown prometheus:prometheus /var/lib/prometheus\n\n# Add prometheus as systemd service\ntee -a /etc/systemd/system/prometheus.service \u003c\u003c END\n[Unit]\nDescription=Prometheus Time Series Collection and Processing Server\nWants=network-online.target\nAfter=network-online.target\n\n[Service]\nUser=prometheus\nGroup=prometheus\nType=simple\nExecStart=/usr/local/bin/prometheus \\\n    --config.file /etc/prometheus/prometheus.yml \\\n    --storage.tsdb.path /var/lib/prometheus/ \\\n    --web.console.templates=/etc/prometheus/consoles \\\n    --web.console.libraries=/etc/prometheus/console_libraries\n\n[Install]\nWantedBy=multi-user.target\nEND\n\nsystemctl daemon-reload\nsystemctl start prometheus\nsystemctl enable \n\napt-get -qq -y install wget\n\napt-get install -qq -y libfontconfig1\napt-get install -f\n\nwget https://dl.grafana.com/oss/release/grafana_6.4.4_amd64.deb\nsudo dpkg -i grafana_6.4.4_amd64.deb\n\nsystemctl daemon-reload\n\nsystemctl enable grafana-server.service\nsystemctl start grafana-server.service\n\nsleep 5\n\n\n curl 'http://localhost:3000/api/datasources' \\\n    -s \\\n    -X POST \\\n    -H 'Content-Type: application/json;charset=UTF-8' \\\n    --basic --user admin:admin \\\n    --data-binary \"{\\\"name\\\":\\\"Prometheus\\\",\\\"type\\\":\\\"prometheus\\\",\\\"url\\\":\\\"http://localhost:9090\\\",\\\"access\\\":\\\"proxy\\\",\\\"isDefault\\\":true}\"\n",
            "template": "#!/bin/bash\n\nuseradd -M -r -s /bin/false prometheus\nmkdir /etc/prometheus /var/lib/prometheus\n\nwget https://github.com/prometheus/prometheus/releases/download/v2.14.0/prometheus-2.14.0.linux-amd64.tar.gz\ntar xzf prometheus-2.14.0.linux-amd64.tar.gz\ncp prometheus-2.14.0.linux-amd64/{prometheus,promtool} /usr/local/bin/\nchown prometheus:prometheus /usr/local/bin/{prometheus,promtool}\ncp -r prometheus-2.14.0.linux-amd64/{consoles,console_libraries} /etc/prometheus/\n\n\necho \"\nglobal:\n  scrape_interval: 1s\n  evaluation_interval: 1s\n\nscrape_configs:\n  - job_name: 'node'\n    ec2_sd_configs:\n      - region: '${region}'       \n        profile: ${role}\n        port: 9100\n    relabel_configs:\n        # Only monitor instances with a Name starting with '${project}'\n      - source_labels: [__meta_ec2_tag_Name]\n        regex: ${project}.*\n        action: keep\n        # Use the instance ID as the instance label\n      - source_labels: [__meta_ec2_tag_Name,__meta_ec2_availability_zone]\n        target_label: instance\" \u003e /etc/prometheus/prometheus.yml\n\nchown -R prometheus:prometheus /etc/prometheus\nchown prometheus:prometheus /var/lib/prometheus\n\n# Add prometheus as systemd service\ntee -a /etc/systemd/system/prometheus.service \u003c\u003c END\n[Unit]\nDescription=Prometheus Time Series Collection and Processing Server\nWants=network-online.target\nAfter=network-online.target\n\n[Service]\nUser=prometheus\nGroup=prometheus\nType=simple\nExecStart=/usr/local/bin/prometheus \\\n    --config.file /etc/prometheus/prometheus.yml \\\n    --storage.tsdb.path /var/lib/prometheus/ \\\n    --web.console.templates=/etc/prometheus/consoles \\\n    --web.console.libraries=/etc/prometheus/console_libraries\n\n[Install]\nWantedBy=multi-user.target\nEND\n\nsystemctl daemon-reload\nsystemctl start prometheus\nsystemctl enable \n\napt-get -qq -y install wget\n\napt-get install -qq -y libfontconfig1\napt-get install -f\n\nwget https://dl.grafana.com/oss/release/grafana_6.4.4_amd64.deb\nsudo dpkg -i grafana_6.4.4_amd64.deb\n\nsystemctl daemon-reload\n\nsystemctl enable grafana-server.service\nsystemctl start grafana-server.service\n\nsleep 5\n\n\n curl 'http://localhost:3000/api/datasources' \\\n    -s \\\n    -X POST \\\n    -H 'Content-Type: application/json;charset=UTF-8' \\\n    --basic --user admin:admin \\\n    --data-binary \"{\\\"name\\\":\\\"Prometheus\\\",\\\"type\\\":\\\"prometheus\\\",\\\"url\\\":\\\"http://localhost:9090\\\",\\\"access\\\":\\\"proxy\\\",\\\"isDefault\\\":true}\"\n",
            "vars": {
              "project": "Monitor",
              "region": "us-east-1",
              "role": "arn:aws:iam::283049541375:role/Monitor-ec2-prometheus-role-dev"
            }
          },
          "depends_on": [
            "aws_iam_role.ec2-prometheus-role"
          ]
        }
      ]
    },
    {
      "module": "module.instance-monitor",
      "mode": "managed",
      "type": "aws_iam_instance_profile",
      "name": "monitoring_profile",
      "provider": "provider.aws",
      "instances": [
        {
          "schema_version": 0,
          "attributes": {
            "arn": "arn:aws:iam::283049541375:instance-profile/Monitor-instance-profile-dev",
            "create_date": "2019-11-20T02:22:44Z",
            "id": "Monitor-instance-profile-dev",
            "name": "Monitor-instance-profile-dev",
            "name_prefix": null,
            "path": "/",
            "role": "Monitor-ec2-prometheus-role-dev",
            "roles": [],
            "unique_id": "AIPAUDZYRH376HYSTEXV3"
          },
          "depends_on": [
            "aws_iam_role.ec2-prometheus-role"
          ]
        }
      ]
    },
    {
      "module": "module.instance-monitor",
      "mode": "managed",
      "type": "aws_iam_role",
      "name": "ec2-prometheus-role",
      "provider": "provider.aws",
      "instances": [
        {
          "schema_version": 0,
          "attributes": {
            "arn": "arn:aws:iam::283049541375:role/Monitor-ec2-prometheus-role-dev",
            "assume_role_policy": "{\"Version\":\"2012-10-17\",\"Statement\":[{\"Sid\":\"\",\"Effect\":\"Allow\",\"Principal\":{\"Service\":\"ec2.amazonaws.com\"},\"Action\":\"sts:AssumeRole\"}]}",
            "create_date": "2019-11-20T02:22:42Z",
            "description": "",
            "force_detach_policies": false,
            "id": "Monitor-ec2-prometheus-role-dev",
            "max_session_duration": 3600,
            "name": "Monitor-ec2-prometheus-role-dev",
            "name_prefix": null,
            "path": "/",
            "permissions_boundary": null,
            "tags": {
              "Enviroment": "dev",
              "Name": "Monitor-iam-role-prometheus-dev",
              "Owner": "erick.yataco.s@gmail.com",
              "Tool": "Terraform"
            },
            "unique_id": "AROAUDZYRH373WWJR4JXB"
          }
        }
      ]
    },
    {
      "module": "module.instance-monitor",
      "mode": "managed",
      "type": "aws_iam_role_policy_attachment",
      "name": "ec2-readonly-role-policy-attach",
      "provider": "provider.aws",
      "instances": [
        {
          "schema_version": 0,
          "attributes": {
            "id": "Monitor-ec2-prometheus-role-dev-20191120022239915900000001",
            "policy_arn": "arn:aws:iam::aws:policy/AmazonEC2ReadOnlyAccess",
            "role": "Monitor-ec2-prometheus-role-dev"
          },
          "depends_on": [
            "aws_iam_role.ec2-prometheus-role"
          ]
        }
      ]
    },
    {
      "module": "module.instance-monitor",
      "mode": "managed",
      "type": "aws_instance",
      "name": "monitor",
      "provider": "provider.aws",
      "instances": [
        {
          "schema_version": 1,
          "attributes": {
            "ami": "ami-13be557e",
            "arn": "arn:aws:ec2:us-east-1:283049541375:instance/i-0b6793a05f303970b",
            "associate_public_ip_address": true,
            "availability_zone": "us-east-1b",
            "cpu_core_count": 1,
            "cpu_threads_per_core": 1,
            "credit_specification": [
              {
                "cpu_credits": "standard"
              }
            ],
            "disable_api_termination": false,
            "ebs_block_device": [],
            "ebs_optimized": false,
            "ephemeral_block_device": [],
            "get_password_data": false,
            "host_id": null,
            "iam_instance_profile": "Monitor-instance-profile-dev",
            "id": "i-0b6793a05f303970b",
            "instance_initiated_shutdown_behavior": null,
            "instance_state": "running",
            "instance_type": "t2.micro",
            "ipv6_address_count": 0,
            "ipv6_addresses": [],
            "key_name": "Monitor-key-prometheus-dev",
            "monitoring": false,
            "network_interface": [],
            "network_interface_id": null,
            "password_data": "",
            "placement_group": "",
            "primary_network_interface_id": "eni-0cde747934b5b82bf",
            "private_dns": "ip-172-31-45-89.ec2.internal",
            "private_ip": "172.31.45.89",
            "public_dns": "ec2-52-205-167-104.compute-1.amazonaws.com",
            "public_ip": "52.205.167.104",
            "root_block_device": [
              {
                "delete_on_termination": false,
                "encrypted": false,
                "iops": 100,
                "kms_key_id": "",
                "volume_id": "vol-0a92b97ee07388350",
                "volume_size": 30,
                "volume_type": "gp2"
              }
            ],
            "security_groups": [
              "default"
            ],
            "source_dest_check": true,
            "subnet_id": "subnet-05370259",
            "tags": {
              "Enviroment": "dev",
              "Name": "Monitor-ec2-prometheus-dev",
              "Owner": "erick.yataco.s@gmail.com",
              "Tool": "Terraform"
            },
            "tenancy": "default",
            "timeouts": null,
            "user_data": "8594a94bbe0ea079c7e56ffa9befdb221487fd86",
            "user_data_base64": null,
            "volume_tags": {},
            "vpc_security_group_ids": [
              "sg-d3a3388d"
            ]
          },
          "depends_on": [
            "aws_iam_instance_profile.monitoring_profile",
            "aws_key_pair.mykeypair",
            "data.template_file.init"
          ]
        }
      ]
    },
    {
      "module": "module.instances-monitored",
      "mode": "managed",
      "type": "aws_instance",
      "name": "monitored",
      "each": "list",
      "provider": "provider.aws",
      "instances": [
        {
          "index_key": 0,
          "schema_version": 1,
          "attributes": {
            "ami": "ami-13be557e",
            "arn": "arn:aws:ec2:us-east-1:283049541375:instance/i-070cf553b33716b97",
            "associate_public_ip_address": true,
            "availability_zone": "us-east-1d",
            "cpu_core_count": 1,
            "cpu_threads_per_core": 1,
            "credit_specification": [
              {
                "cpu_credits": "standard"
              }
            ],
            "disable_api_termination": false,
            "ebs_block_device": [],
            "ebs_optimized": false,
            "ephemeral_block_device": [],
            "get_password_data": false,
            "host_id": null,
            "iam_instance_profile": "",
            "id": "i-070cf553b33716b97",
            "instance_initiated_shutdown_behavior": null,
            "instance_state": "running",
            "instance_type": "t2.micro",
            "ipv6_address_count": 0,
            "ipv6_addresses": [],
            "key_name": "Monitor-key-node-dev",
            "monitoring": false,
            "network_interface": [],
            "network_interface_id": null,
            "password_data": "",
            "placement_group": "",
            "primary_network_interface_id": "eni-09a41b0989896ae05",
            "private_dns": "ip-172-31-90-18.ec2.internal",
            "private_ip": "172.31.90.18",
            "public_dns": "ec2-3-89-26-23.compute-1.amazonaws.com",
            "public_ip": "3.89.26.23",
            "root_block_device": [
              {
                "delete_on_termination": false,
                "encrypted": false,
                "iops": 100,
                "kms_key_id": "",
                "volume_id": "vol-009be92c1cca35884",
                "volume_size": 30,
                "volume_type": "gp2"
              }
            ],
            "security_groups": [
              "default"
            ],
            "source_dest_check": true,
            "subnet_id": "subnet-5b3e0975",
            "tags": {
              "Enviroment": "dev",
              "Name": "Monitor-ec2-node-dev-0",
              "Owner": "erick.yataco.s@gmail.com",
              "Tool": "Terraform"
            },
            "tenancy": "default",
            "timeouts": null,
            "user_data": "6894188e34c96fad5472cda8eef519fe7b45829d",
            "user_data_base64": null,
            "volume_tags": {},
            "vpc_security_group_ids": [
              "sg-d3a3388d"
            ]
          },
          "depends_on": [
            "aws_key_pair.mykeypair",
            "data.template_file.init"
          ]
        },
        {
          "index_key": 1,
          "schema_version": 1,
          "attributes": {
            "ami": "ami-13be557e",
            "arn": "arn:aws:ec2:us-east-1:283049541375:instance/i-0a0408b7618e9279f",
            "associate_public_ip_address": true,
            "availability_zone": "us-east-1d",
            "cpu_core_count": 1,
            "cpu_threads_per_core": 1,
            "credit_specification": [
              {
                "cpu_credits": "standard"
              }
            ],
            "disable_api_termination": false,
            "ebs_block_device": [],
            "ebs_optimized": false,
            "ephemeral_block_device": [],
            "get_password_data": false,
            "host_id": null,
            "iam_instance_profile": "",
            "id": "i-0a0408b7618e9279f",
            "instance_initiated_shutdown_behavior": null,
            "instance_state": "running",
            "instance_type": "t2.micro",
            "ipv6_address_count": 0,
            "ipv6_addresses": [],
            "key_name": "Monitor-key-node-dev",
            "monitoring": false,
            "network_interface": [],
            "network_interface_id": null,
            "password_data": "",
            "placement_group": "",
            "primary_network_interface_id": "eni-0735037835d9a4fa7",
            "private_dns": "ip-172-31-87-137.ec2.internal",
            "private_ip": "172.31.87.137",
            "public_dns": "ec2-3-85-59-179.compute-1.amazonaws.com",
            "public_ip": "3.85.59.179",
            "root_block_device": [
              {
                "delete_on_termination": false,
                "encrypted": false,
                "iops": 100,
                "kms_key_id": "",
                "volume_id": "vol-0ac1cea8c0d3ac242",
                "volume_size": 30,
                "volume_type": "gp2"
              }
            ],
            "security_groups": [
              "default"
            ],
            "source_dest_check": true,
            "subnet_id": "subnet-5b3e0975",
            "tags": {
              "Enviroment": "dev",
              "Name": "Monitor-ec2-node-dev-1",
              "Owner": "erick.yataco.s@gmail.com",
              "Tool": "Terraform"
            },
            "tenancy": "default",
            "timeouts": null,
            "user_data": "6894188e34c96fad5472cda8eef519fe7b45829d",
            "user_data_base64": null,
            "volume_tags": {},
            "vpc_security_group_ids": [
              "sg-d3a3388d"
            ]
          },
          "depends_on": [
            "aws_key_pair.mykeypair",
            "data.template_file.init"
          ]
        }
      ]
    },
    {
      "module": "module.instances-monitored",
      "mode": "managed",
      "type": "aws_key_pair",
      "name": "mykeypair",
      "provider": "provider.aws",
      "instances": [
        {
          "schema_version": 1,
          "attributes": {
            "fingerprint": "94:37:29:3b:a3:4c:9d:18:bb:6e:b4:29:07:18:fa:ea",
            "id": "Monitor-key-node-dev",
            "key_name": "Monitor-key-node-dev",
            "key_name_prefix": null,
            "public_key": "ssh-rsa AAAAB3NzaC1yc2EAAAADAQABAAABAQDWds2c9jd4hhFe7l8Dv+KTf6Io/3PXD246Jos2UuUyFrb9vIoDI3RrXsOi59R7JGfi1hx2jIOrPdF8+dzb6gcxJ9VL36B8yfPr2Jxa2VJRCpe2uWSbq9yguJGu8z8FdahZMCu0Cr68cvTiWVsxHkdgcvKVOtzXhlA72xRHpm82GVrkoevGR8ZJrZssx3MiZju1QuKmnKZaANJQDdFW/eByQL7wj2qSG1zB+0QirL5GyqxcA73kZxz2QMq+vwdppypP0nOGRh0xyvpWFpfcNwvbUCOhGBb0C4DDAU5XH+yqzRQKJvbXupI45D7h2WUIkD3BRDzMyXsZ8qN5CzR7GT2p erickyataco@ericks-MacBook-Pro.local"
          }
        }
      ]
    },
    {
      "module": "module.instance-monitor",
      "mode": "managed",
      "type": "aws_key_pair",
      "name": "mykeypair",
      "provider": "provider.aws",
      "instances": [
        {
          "schema_version": 1,
          "attributes": {
            "fingerprint": "94:37:29:3b:a3:4c:9d:18:bb:6e:b4:29:07:18:fa:ea",
            "id": "Monitor-key-prometheus-dev",
            "key_name": "Monitor-key-prometheus-dev",
            "key_name_prefix": null,
            "public_key": "ssh-rsa AAAAB3NzaC1yc2EAAAADAQABAAABAQDWds2c9jd4hhFe7l8Dv+KTf6Io/3PXD246Jos2UuUyFrb9vIoDI3RrXsOi59R7JGfi1hx2jIOrPdF8+dzb6gcxJ9VL36B8yfPr2Jxa2VJRCpe2uWSbq9yguJGu8z8FdahZMCu0Cr68cvTiWVsxHkdgcvKVOtzXhlA72xRHpm82GVrkoevGR8ZJrZssx3MiZju1QuKmnKZaANJQDdFW/eByQL7wj2qSG1zB+0QirL5GyqxcA73kZxz2QMq+vwdppypP0nOGRh0xyvpWFpfcNwvbUCOhGBb0C4DDAU5XH+yqzRQKJvbXupI45D7h2WUIkD3BRDzMyXsZ8qN5CzR7GT2p erickyataco@ericks-MacBook-Pro.local"
          }
        }
      ]
    },
    {
      "module": "module.instance-monitor",
      "mode": "managed",
      "type": "aws_security_group",
      "name": "api_security_group",
      "provider": "provider.aws",
      "instances": [
        {
          "schema_version": 1,
          "attributes": {
            "arn": "arn:aws:ec2:us-east-1:283049541375:security-group/sg-0fa448c1a8f2f832c",
            "description": "security group for prometheus instance",
            "egress": [
              {
                "cidr_blocks": [
                  "0.0.0.0/0"
                ],
                "description": "",
                "from_port": 0,
                "ipv6_cidr_blocks": [],
                "prefix_list_ids": [],
                "protocol": "-1",
                "security_groups": [],
                "self": false,
                "to_port": 0
              }
            ],
            "id": "sg-0fa448c1a8f2f832c",
            "ingress": [
              {
                "cidr_blocks": [
                  "0.0.0.0/0"
                ],
                "description": "",
                "from_port": 22,
                "ipv6_cidr_blocks": [],
                "prefix_list_ids": [],
                "protocol": "tcp",
                "security_groups": [],
                "self": false,
                "to_port": 22
              },
              {
                "cidr_blocks": [
                  "0.0.0.0/0"
                ],
                "description": "",
                "from_port": 9090,
                "ipv6_cidr_blocks": [],
                "prefix_list_ids": [],
                "protocol": "tcp",
                "security_groups": [],
                "self": false,
                "to_port": 9090
              }
            ],
            "name": "Monitor-ec2-sg-dev",
            "name_prefix": null,
            "owner_id": "283049541375",
            "revoke_rules_on_delete": false,
            "tags": {
              "Enviroment": "dev",
              "Name": "Monitor-ec2-sg-dev",
              "Owner": "erick.yataco.s@gmail.com",
              "Tool": "Terraform"
            },
            "timeouts": null,
            "vpc_id": "vpc-3cc48146"
          }
        }
      ]
    }
  ]
}
